
Microsoft Visual Studio Solution File, Format Version 12.00
# Visual Studio Version 17
VisualStudioVersion = 17.4.33205.214
MinimumVisualStudioVersion = 10.0.40219.1
Project("{9A19103F-16F7-4668-BE54-9A1E7A4F7556}") = "example-repo", "example-repo.csproj", "{2DF050BB-F477-4171-860F-6DF6EB5DCFCE}"
EndProject
Global
	GlobalSection(SolutionConfigurationPlatforms) = preSolution
		Debug|Any CPU = Debug|Any CPU
		Release|Any CPU = Release|Any CPU
	EndGlobalSection
	GlobalSection(ProjectConfigurationPlatforms) = postSolution
		{2DF050BB-F477-4171-860F-6DF6EB5DCFCE}.Debug|Any CPU.ActiveCfg = Debug|Any CPU
		{2DF050BB-F477-4171-860F-6DF6EB5DCFCE}.Debug|Any CPU.Build.0 = Debug|Any CPU
		{2DF050BB-F477-4171-860F-6DF6EB5DCFCE}.Release|Any CPU.ActiveCfg = Release|Any CPU
		{2DF050BB-F477-4171-860F-6DF6EB5DCFCE}.Release|Any CPU.Build.0 = Release|Any CPU
	EndGlobalSection
	GlobalSection(SolutionProperties) = preSolution
		HideSolutionNode = FALSE
	EndGlobalSection
	GlobalSection(ExtensibilityGlobals) = postSolution
		SolutionGuid = {387B9748-D398-49FD-9887-1B1AF74C66B7}
	EndGlobalSection
EndGlobal
